// !$*UTF8*$!
{
	archiveVersion = 1;
	classes = {
	};
	objectVersion = 48;
	objects = {

/* Begin PBXBuildFile section */
		29CE7A4E216731E800050F60 /* gamePage.swift in Sources */ = {isa = PBXBuildFile; fileRef = 29CE7A4D216731E800050F60 /* gamePage.swift */; };
		3F3614BA2168097F00072997 /* SettingsViewController.swift in Sources */ = {isa = PBXBuildFile; fileRef = 3F3614B92168097F00072997 /* SettingsViewController.swift */; };
		3F43ECC92166B819007ABB36 /* AppDelegate.swift in Sources */ = {isa = PBXBuildFile; fileRef = 3F43ECC82166B819007ABB36 /* AppDelegate.swift */; };
		3F43ECCB2166B819007ABB36 /* GameViewController.swift in Sources */ = {isa = PBXBuildFile; fileRef = 3F43ECCA2166B819007ABB36 /* GameViewController.swift */; };
		3F43ECD02166B819007ABB36 /* Main.storyboard in Resources */ = {isa = PBXBuildFile; fileRef = 3F43ECCE2166B819007ABB36 /* Main.storyboard */; };
		3F43ECD22166B819007ABB36 /* Assets.xcassets in Resources */ = {isa = PBXBuildFile; fileRef = 3F43ECD12166B819007ABB36 /* Assets.xcassets */; };
		3F43ECD52166B819007ABB36 /* LaunchScreen.storyboard in Resources */ = {isa = PBXBuildFile; fileRef = 3F43ECD32166B819007ABB36 /* LaunchScreen.storyboard */; };
		3F43ECE02166B819007ABB36 /* Women_In_ComputingTests.swift in Sources */ = {isa = PBXBuildFile; fileRef = 3F43ECDF2166B819007ABB36 /* Women_In_ComputingTests.swift */; };
		3F43ECEB2166B819007ABB36 /* Women_In_ComputingUITests.swift in Sources */ = {isa = PBXBuildFile; fileRef = 3F43ECEA2166B819007ABB36 /* Women_In_ComputingUITests.swift */; };
		3F43ECF92166C5E8007ABB36 /* FamousWomenTableViewController.swift in Sources */ = {isa = PBXBuildFile; fileRef = 3F43ECF82166C5E8007ABB36 /* FamousWomenTableViewController.swift */; };
/* End PBXBuildFile section */

/* Begin PBXContainerItemProxy section */
		3F43ECDC2166B819007ABB36 /* PBXContainerItemProxy */ = {
			isa = PBXContainerItemProxy;
			containerPortal = 3F43ECBD2166B819007ABB36 /* Project object */;
			proxyType = 1;
			remoteGlobalIDString = 3F43ECC42166B819007ABB36;
			remoteInfo = "Women In Computing";
		};
		3F43ECE72166B819007ABB36 /* PBXContainerItemProxy */ = {
			isa = PBXContainerItemProxy;
			containerPortal = 3F43ECBD2166B819007ABB36 /* Project object */;
			proxyType = 1;
			remoteGlobalIDString = 3F43ECC42166B819007ABB36;
			remoteInfo = "Women In Computing";
		};
/* End PBXContainerItemProxy section */

/* Begin PBXFileReference section */
		29CE7A4D216731E800050F60 /* gamePage.swift */ = {isa = PBXFileReference; lastKnownFileType = sourcecode.swift; path = gamePage.swift; sourceTree = "<group>"; };
		3F3614B92168097F00072997 /* SettingsViewController.swift */ = {isa = PBXFileReference; lastKnownFileType = sourcecode.swift; path = SettingsViewController.swift; sourceTree = "<group>"; };
		3F43ECC52166B819007ABB36 /* Women In Computing.app */ = {isa = PBXFileReference; explicitFileType = wrapper.application; includeInIndex = 0; path = "Women In Computing.app"; sourceTree = BUILT_PRODUCTS_DIR; };
		3F43ECC82166B819007ABB36 /* AppDelegate.swift */ = {isa = PBXFileReference; lastKnownFileType = sourcecode.swift; path = AppDelegate.swift; sourceTree = "<group>"; };
		3F43ECCA2166B819007ABB36 /* GameViewController.swift */ = {isa = PBXFileReference; lastKnownFileType = sourcecode.swift; path = GameViewController.swift; sourceTree = "<group>"; };
		3F43ECCF2166B819007ABB36 /* Base */ = {isa = PBXFileReference; lastKnownFileType = file.storyboard; name = Base; path = Base.lproj/Main.storyboard; sourceTree = "<group>"; };
		3F43ECD12166B819007ABB36 /* Assets.xcassets */ = {isa = PBXFileReference; lastKnownFileType = folder.assetcatalog; path = Assets.xcassets; sourceTree = "<group>"; };
		3F43ECD42166B819007ABB36 /* Base */ = {isa = PBXFileReference; lastKnownFileType = file.storyboard; name = Base; path = Base.lproj/LaunchScreen.storyboard; sourceTree = "<group>"; };
		3F43ECD62166B819007ABB36 /* Info.plist */ = {isa = PBXFileReference; lastKnownFileType = text.plist.xml; path = Info.plist; sourceTree = "<group>"; };
		3F43ECDB2166B819007ABB36 /* Women In ComputingTests.xctest */ = {isa = PBXFileReference; explicitFileType = wrapper.cfbundle; includeInIndex = 0; path = "Women In ComputingTests.xctest"; sourceTree = BUILT_PRODUCTS_DIR; };
		3F43ECDF2166B819007ABB36 /* Women_In_ComputingTests.swift */ = {isa = PBXFileReference; lastKnownFileType = sourcecode.swift; path = Women_In_ComputingTests.swift; sourceTree = "<group>"; };
		3F43ECE12166B819007ABB36 /* Info.plist */ = {isa = PBXFileReference; lastKnownFileType = text.plist.xml; path = Info.plist; sourceTree = "<group>"; };
		3F43ECE62166B819007ABB36 /* Women In ComputingUITests.xctest */ = {isa = PBXFileReference; explicitFileType = wrapper.cfbundle; includeInIndex = 0; path = "Women In ComputingUITests.xctest"; sourceTree = BUILT_PRODUCTS_DIR; };
		3F43ECEA2166B819007ABB36 /* Women_In_ComputingUITests.swift */ = {isa = PBXFileReference; lastKnownFileType = sourcecode.swift; path = Women_In_ComputingUITests.swift; sourceTree = "<group>"; };
		3F43ECEC2166B819007ABB36 /* Info.plist */ = {isa = PBXFileReference; lastKnownFileType = text.plist.xml; path = Info.plist; sourceTree = "<group>"; };
		3F43ECF82166C5E8007ABB36 /* FamousWomenTableViewController.swift */ = {isa = PBXFileReference; lastKnownFileType = sourcecode.swift; path = FamousWomenTableViewController.swift; sourceTree = "<group>"; };
/* End PBXFileReference section */

/* Begin PBXFrameworksBuildPhase section */
		3F43ECC22166B819007ABB36 /* Frameworks */ = {
			isa = PBXFrameworksBuildPhase;
			buildActionMask = 2147483647;
			files = (
			);
			runOnlyForDeploymentPostprocessing = 0;
		};
		3F43ECD82166B819007ABB36 /* Frameworks */ = {
			isa = PBXFrameworksBuildPhase;
			buildActionMask = 2147483647;
			files = (
			);
			runOnlyForDeploymentPostprocessing = 0;
		};
		3F43ECE32166B819007ABB36 /* Frameworks */ = {
			isa = PBXFrameworksBuildPhase;
			buildActionMask = 2147483647;
			files = (
			);
			runOnlyForDeploymentPostprocessing = 0;
		};
/* End PBXFrameworksBuildPhase section */

/* Begin PBXGroup section */
		3F43ECBC2166B819007ABB36 = {
			isa = PBXGroup;
			children = (
				3F43ECC72166B819007ABB36 /* Women In Computing */,
				3F43ECDE2166B819007ABB36 /* Women In ComputingTests */,
				3F43ECE92166B819007ABB36 /* Women In ComputingUITests */,
				3F43ECC62166B819007ABB36 /* Products */,
			);
			sourceTree = "<group>";
		};
		3F43ECC62166B819007ABB36 /* Products */ = {
			isa = PBXGroup;
			children = (
				3F43ECC52166B819007ABB36 /* Women In Computing.app */,
				3F43ECDB2166B819007ABB36 /* Women In ComputingTests.xctest */,
				3F43ECE62166B819007ABB36 /* Women In ComputingUITests.xctest */,
			);
			name = Products;
			sourceTree = "<group>";
		};
		3F43ECC72166B819007ABB36 /* Women In Computing */ = {
			isa = PBXGroup;
			children = (
				3F43ECC82166B819007ABB36 /* AppDelegate.swift */,
				3F43ECCA2166B819007ABB36 /* GameViewController.swift */,
				3F43ECCE2166B819007ABB36 /* Main.storyboard */,
				29CE7A4D216731E800050F60 /* gamePage.swift */,
				3F43ECD12166B819007ABB36 /* Assets.xcassets */,
				3F43ECD32166B819007ABB36 /* LaunchScreen.storyboard */,
				3F43ECD62166B819007ABB36 /* Info.plist */,
				3F43ECF82166C5E8007ABB36 /* FamousWomenTableViewController.swift */,
				3F3614B92168097F00072997 /* SettingsViewController.swift */,
			);
			path = "Women In Computing";
			sourceTree = "<group>";
		};
		3F43ECDE2166B819007ABB36 /* Women In ComputingTests */ = {
			isa = PBXGroup;
			children = (
				3F43ECDF2166B819007ABB36 /* Women_In_ComputingTests.swift */,
				3F43ECE12166B819007ABB36 /* Info.plist */,
			);
			path = "Women In ComputingTests";
			sourceTree = "<group>";
		};
		3F43ECE92166B819007ABB36 /* Women In ComputingUITests */ = {
			isa = PBXGroup;
			children = (
				3F43ECEA2166B819007ABB36 /* Women_In_ComputingUITests.swift */,
				3F43ECEC2166B819007ABB36 /* Info.plist */,
			);
			path = "Women In ComputingUITests";
			sourceTree = "<group>";
		};
/* End PBXGroup section */

/* Begin PBXNativeTarget section */
		3F43ECC42166B819007ABB36 /* Women In Computing */ = {
			isa = PBXNativeTarget;
			buildConfigurationList = 3F43ECEF2166B819007ABB36 /* Build configuration list for PBXNativeTarget "Women In Computing" */;
			buildPhases = (
				3F43ECC12166B819007ABB36 /* Sources */,
				3F43ECC22166B819007ABB36 /* Frameworks */,
				3F43ECC32166B819007ABB36 /* Resources */,
			);
			buildRules = (
			);
			dependencies = (
			);
			name = "Women In Computing";
			productName = "Women In Computing";
			productReference = 3F43ECC52166B819007ABB36 /* Women In Computing.app */;
			productType = "com.apple.product-type.application";
		};
		3F43ECDA2166B819007ABB36 /* Women In ComputingTests */ = {
			isa = PBXNativeTarget;
			buildConfigurationList = 3F43ECF22166B819007ABB36 /* Build configuration list for PBXNativeTarget "Women In ComputingTests" */;
			buildPhases = (
				3F43ECD72166B819007ABB36 /* Sources */,
				3F43ECD82166B819007ABB36 /* Frameworks */,
				3F43ECD92166B819007ABB36 /* Resources */,
			);
			buildRules = (
			);
			dependencies = (
				3F43ECDD2166B819007ABB36 /* PBXTargetDependency */,
			);
			name = "Women In ComputingTests";
			productName = "Women In ComputingTests";
			productReference = 3F43ECDB2166B819007ABB36 /* Women In ComputingTests.xctest */;
			productType = "com.apple.product-type.bundle.unit-test";
		};
		3F43ECE52166B819007ABB36 /* Women In ComputingUITests */ = {
			isa = PBXNativeTarget;
			buildConfigurationList = 3F43ECF52166B819007ABB36 /* Build configuration list for PBXNativeTarget "Women In ComputingUITests" */;
			buildPhases = (
				3F43ECE22166B819007ABB36 /* Sources */,
				3F43ECE32166B819007ABB36 /* Frameworks */,
				3F43ECE42166B819007ABB36 /* Resources */,
			);
			buildRules = (
			);
			dependencies = (
				3F43ECE82166B819007ABB36 /* PBXTargetDependency */,
			);
			name = "Women In ComputingUITests";
			productName = "Women In ComputingUITests";
			productReference = 3F43ECE62166B819007ABB36 /* Women In ComputingUITests.xctest */;
			productType = "com.apple.product-type.bundle.ui-testing";
		};
/* End PBXNativeTarget section */

/* Begin PBXProject section */
		3F43ECBD2166B819007ABB36 /* Project object */ = {
			isa = PBXProject;
			attributes = {
				LastSwiftUpdateCheck = 0920;
				LastUpgradeCheck = 0920;
				ORGANIZATIONNAME = Student;
				TargetAttributes = {
					3F43ECC42166B819007ABB36 = {
						CreatedOnToolsVersion = 9.2;
						ProvisioningStyle = Automatic;
					};
					3F43ECDA2166B819007ABB36 = {
						CreatedOnToolsVersion = 9.2;
						ProvisioningStyle = Automatic;
						TestTargetID = 3F43ECC42166B819007ABB36;
					};
					3F43ECE52166B819007ABB36 = {
						CreatedOnToolsVersion = 9.2;
						ProvisioningStyle = Automatic;
						TestTargetID = 3F43ECC42166B819007ABB36;
					};
				};
			};
			buildConfigurationList = 3F43ECC02166B819007ABB36 /* Build configuration list for PBXProject "Women In Computing" */;
			compatibilityVersion = "Xcode 8.0";
			developmentRegion = en;
			hasScannedForEncodings = 0;
			knownRegions = (
				en,
				Base,
			);
			mainGroup = 3F43ECBC2166B819007ABB36;
			productRefGroup = 3F43ECC62166B819007ABB36 /* Products */;
			projectDirPath = "";
			projectRoot = "";
			targets = (
				3F43ECC42166B819007ABB36 /* Women In Computing */,
				3F43ECDA2166B819007ABB36 /* Women In ComputingTests */,
				3F43ECE52166B819007ABB36 /* Women In ComputingUITests */,
			);
		};
/* End PBXProject section */

/* Begin PBXResourcesBuildPhase section */
		3F43ECC32166B819007ABB36 /* Resources */ = {
			isa = PBXResourcesBuildPhase;
			buildActionMask = 2147483647;
			files = (
				3F43ECD52166B819007ABB36 /* LaunchScreen.storyboard in Resources */,
				3F43ECD22166B819007ABB36 /* Assets.xcassets in Resources */,
				3F43ECD02166B819007ABB36 /* Main.storyboard in Resources */,
			);
			runOnlyForDeploymentPostprocessing = 0;
		};
		3F43ECD92166B819007ABB36 /* Resources */ = {
			isa = PBXResourcesBuildPhase;
			buildActionMask = 2147483647;
			files = (
			);
			runOnlyForDeploymentPostprocessing = 0;
		};
		3F43ECE42166B819007ABB36 /* Resources */ = {
			isa = PBXResourcesBuildPhase;
			buildActionMask = 2147483647;
			files = (
			);
			runOnlyForDeploymentPostprocessing = 0;
		};
/* End PBXResourcesBuildPhase section */

/* Begin PBXSourcesBuildPhase section */
		3F43ECC12166B819007ABB36 /* Sources */ = {
			isa = PBXSourcesBuildPhase;
			buildActionMask = 2147483647;
			files = (
				29CE7A4E216731E800050F60 /* gamePage.swift in Sources */,
				3F43ECC92166B819007ABB36 /* AppDelegate.swift in Sources */,
				3F43ECCB2166B819007ABB36 /* GameViewController.swift in Sources */,
				3F3614BA2168097F00072997 /* SettingsViewController.swift in Sources */,
				3F43ECF92166C5E8007ABB36 /* FamousWomenTableViewController.swift in Sources */,
			);
			runOnlyForDeploymentPostprocessing = 0;
		};
		3F43ECD72166B819007ABB36 /* Sources */ = {
			isa = PBXSourcesBuildPhase;
			buildActionMask = 2147483647;
			files = (
				3F43ECE02166B819007ABB36 /* Women_In_ComputingTests.swift in Sources */,
			);
			runOnlyForDeploymentPostprocessing = 0;
		};
		3F43ECE22166B819007ABB36 /* Sources */ = {
			isa = PBXSourcesBuildPhase;
			buildActionMask = 2147483647;
			files = (
				3F43ECEB2166B819007ABB36 /* Women_In_ComputingUITests.swift in Sources */,
			);
			runOnlyForDeploymentPostprocessing = 0;
		};
/* End PBXSourcesBuildPhase section */

/* Begin PBXTargetDependency section */
		3F43ECDD2166B819007ABB36 /* PBXTargetDependency */ = {
			isa = PBXTargetDependency;
			target = 3F43ECC42166B819007ABB36 /* Women In Computing */;
			targetProxy = 3F43ECDC2166B819007ABB36 /* PBXContainerItemProxy */;
		};
		3F43ECE82166B819007ABB36 /* PBXTargetDependency */ = {
			isa = PBXTargetDependency;
			target = 3F43ECC42166B819007ABB36 /* Women In Computing */;
			targetProxy = 3F43ECE72166B819007ABB36 /* PBXContainerItemProxy */;
		};
/* End PBXTargetDependency section */

/* Begin PBXVariantGroup section */
		3F43ECCE2166B819007ABB36 /* Main.storyboard */ = {
			isa = PBXVariantGroup;
			children = (
				3F43ECCF2166B819007ABB36 /* Base */,
			);
			name = Main.storyboard;
			sourceTree = "<group>";
		};
		3F43ECD32166B819007ABB36 /* LaunchScreen.storyboard */ = {
			isa = PBXVariantGroup;
			children = (
				3F43ECD42166B819007ABB36 /* Base */,
			);
			name = LaunchScreen.storyboard;
			sourceTree = "<group>";
		};
/* End PBXVariantGroup section */

/* Begin XCBuildConfiguration section */
		3F43ECED2166B819007ABB36 /* Debug */ = {
			isa = XCBuildConfiguration;
			buildSettings = {
				ALWAYS_SEARCH_USER_PATHS = NO;
				CLANG_ANALYZER_NONNULL = YES;
				CLANG_ANALYZER_NUMBER_OBJECT_CONVERSION = YES_AGGRESSIVE;
				CLANG_CXX_LANGUAGE_STANDARD = "gnu++14";
				CLANG_CXX_LIBRARY = "libc++";
				CLANG_ENABLE_MODULES = YES;
				CLANG_ENABLE_OBJC_ARC = YES;
				CLANG_WARN_BLOCK_CAPTURE_AUTORELEASING = YES;
				CLANG_WARN_BOOL_CONVERSION = YES;
				CLANG_WARN_COMMA = YES;
				CLANG_WARN_CONSTANT_CONVERSION = YES;
				CLANG_WARN_DIRECT_OBJC_ISA_USAGE = YES_ERROR;
				CLANG_WARN_DOCUMENTATION_COMMENTS = YES;
				CLANG_WARN_EMPTY_BODY = YES;
				CLANG_WARN_ENUM_CONVERSION = YES;
				CLANG_WARN_INFINITE_RECURSION = YES;
				CLANG_WARN_INT_CONVERSION = YES;
				CLANG_WARN_NON_LITERAL_NULL_CONVERSION = YES;
				CLANG_WARN_OBJC_LITERAL_CONVERSION = YES;
				CLANG_WARN_OBJC_ROOT_CLASS = YES_ERROR;
				CLANG_WARN_RANGE_LOOP_ANALYSIS = YES;
				CLANG_WARN_STRICT_PROTOTYPES = YES;
				CLANG_WARN_SUSPICIOUS_MOVE = YES;
				CLANG_WARN_UNGUARDED_AVAILABILITY = YES_AGGRESSIVE;
				CLANG_WARN_UNREACHABLE_CODE = YES;
				CLANG_WARN__DUPLICATE_METHOD_MATCH = YES;
				CODE_SIGN_IDENTITY = "iPhone Developer";
				COPY_PHASE_STRIP = NO;
				DEBUG_INFORMATION_FORMAT = dwarf;
				ENABLE_STRICT_OBJC_MSGSEND = YES;
				ENABLE_TESTABILITY = YES;
				GCC_C_LANGUAGE_STANDARD = gnu11;
				GCC_DYNAMIC_NO_PIC = NO;
				GCC_NO_COMMON_BLOCKS = YES;
				GCC_OPTIMIZATION_LEVEL = 0;
				GCC_PREPROCESSOR_DEFINITIONS = (
					"DEBUG=1",
					"$(inherited)",
				);
				GCC_WARN_64_TO_32_BIT_CONVERSION = YES;
				GCC_WARN_ABOUT_RETURN_TYPE = YES_ERROR;
				GCC_WARN_UNDECLARED_SELECTOR = YES;
				GCC_WARN_UNINITIALIZED_AUTOS = YES_AGGRESSIVE;
				GCC_WARN_UNUSED_FUNCTION = YES;
				GCC_WARN_UNUSED_VARIABLE = YES;
				IPHONEOS_DEPLOYMENT_TARGET = 11.2;
				MTL_ENABLE_DEBUG_INFO = YES;
				ONLY_ACTIVE_ARCH = YES;
				SDKROOT = iphoneos;
				SWIFT_ACTIVE_COMPILATION_CONDITIONS = DEBUG;
				SWIFT_OPTIMIZATION_LEVEL = "-Onone";
			};
			name = Debug;
		};
		3F43ECEE2166B819007ABB36 /* Release */ = {
			isa = XCBuildConfiguration;
			buildSettings = {
				ALWAYS_SEARCH_USER_PATHS = NO;
				CLANG_ANALYZER_NONNULL = YES;
				CLANG_ANALYZER_NUMBER_OBJECT_CONVERSION = YES_AGGRESSIVE;
				CLANG_CXX_LANGUAGE_STANDARD = "gnu++14";
				CLANG_CXX_LIBRARY = "libc++";
				CLANG_ENABLE_MODULES = YES;
				CLANG_ENABLE_OBJC_ARC = YES;
				CLANG_WARN_BLOCK_CAPTURE_AUTORELEASING = YES;
				CLANG_WARN_BOOL_CONVERSION = YES;
				CLANG_WARN_COMMA = YES;
				CLANG_WARN_CONSTANT_CONVERSION = YES;
				CLANG_WARN_DIRECT_OBJC_ISA_USAGE = YES_ERROR;
				CLANG_WARN_DOCUMENTATION_COMMENTS = YES;
				CLANG_WARN_EMPTY_BODY = YES;
				CLANG_WARN_ENUM_CONVERSION = YES;
				CLANG_WARN_INFINITE_RECURSION = YES;
				CLANG_WARN_INT_CONVERSION = YES;
				CLANG_WARN_NON_LITERAL_NULL_CONVERSION = YES;
				CLANG_WARN_OBJC_LITERAL_CONVERSION = YES;
				CLANG_WARN_OBJC_ROOT_CLASS = YES_ERROR;
				CLANG_WARN_RANGE_LOOP_ANALYSIS = YES;
				CLANG_WARN_STRICT_PROTOTYPES = YES;
				CLANG_WARN_SUSPICIOUS_MOVE = YES;
				CLANG_WARN_UNGUARDED_AVAILABILITY = YES_AGGRESSIVE;
				CLANG_WARN_UNREACHABLE_CODE = YES;
				CLANG_WARN__DUPLICATE_METHOD_MATCH = YES;
				CODE_SIGN_IDENTITY = "iPhone Developer";
				COPY_PHASE_STRIP = NO;
				DEBUG_INFORMATION_FORMAT = "dwarf-with-dsym";
				ENABLE_NS_ASSERTIONS = NO;
				ENABLE_STRICT_OBJC_MSGSEND = YES;
				GCC_C_LANGUAGE_STANDARD = gnu11;
				GCC_NO_COMMON_BLOCKS = YES;
				GCC_WARN_64_TO_32_BIT_CONVERSION = YES;
				GCC_WARN_ABOUT_RETURN_TYPE = YES_ERROR;
				GCC_WARN_UNDECLARED_SELECTOR = YES;
				GCC_WARN_UNINITIALIZED_AUTOS = YES_AGGRESSIVE;
				GCC_WARN_UNUSED_FUNCTION = YES;
				GCC_WARN_UNUSED_VARIABLE = YES;
				IPHONEOS_DEPLOYMENT_TARGET = 11.2;
				MTL_ENABLE_DEBUG_INFO = NO;
				SDKROOT = iphoneos;
				SWIFT_OPTIMIZATION_LEVEL = "-Owholemodule";
				VALIDATE_PRODUCT = YES;
			};
			name = Release;
		};
		3F43ECF02166B819007ABB36 /* Debug */ = {
			isa = XCBuildConfiguration;
			buildSettings = {
				ASSETCATALOG_COMPILER_APPICON_NAME = AppIcon;
				CODE_SIGN_STYLE = Automatic;
				INFOPLIST_FILE = "Women In Computing/Info.plist";
				LD_RUNPATH_SEARCH_PATHS = "$(inherited) @executable_path/Frameworks";
				PRODUCT_BUNDLE_IDENTIFIER = "nwmissouri.edu.Women-In-Computing";
				PRODUCT_NAME = "$(TARGET_NAME)";
				SWIFT_VERSION = 4.0;
				TARGETED_DEVICE_FAMILY = "1,2";
			};
			name = Debug;
		};
		3F43ECF12166B819007ABB36 /* Release */ = {
			isa = XCBuildConfiguration;
			buildSettings = {
				ASSETCATALOG_COMPILER_APPICON_NAME = AppIcon;
				CODE_SIGN_STYLE = Automatic;
				INFOPLIST_FILE = "Women In Computing/Info.plist";
				LD_RUNPATH_SEARCH_PATHS = "$(inherited) @executable_path/Frameworks";
				PRODUCT_BUNDLE_IDENTIFIER = "nwmissouri.edu.Women-In-Computing";
				PRODUCT_NAME = "$(TARGET_NAME)";
				SWIFT_VERSION = 4.0;
				TARGETED_DEVICE_FAMILY = "1,2";
			};
			name = Release;
		};
		3F43ECF32166B819007ABB36 /* Debug */ = {
			isa = XCBuildConfiguration;
			buildSettings = {
				ALWAYS_EMBED_SWIFT_STANDARD_LIBRARIES = YES;
				BUNDLE_LOADER = "$(TEST_HOST)";
				CODE_SIGN_STYLE = Automatic;
				INFOPLIST_FILE = "Women In ComputingTests/Info.plist";
				LD_RUNPATH_SEARCH_PATHS = "$(inherited) @executable_path/Frameworks @loader_path/Frameworks";
				PRODUCT_BUNDLE_IDENTIFIER = "nwmissouri.edu.Women-In-ComputingTests";
				PRODUCT_NAME = "$(TARGET_NAME)";
				SWIFT_VERSION = 4.0;
				TARGETED_DEVICE_FAMILY = "1,2";
				TEST_HOST = "$(BUILT_PRODUCTS_DIR)/Women In Computing.app/Women In Computing";
			};
			name = Debug;
		};
		3F43ECF42166B819007ABB36 /* Release */ = {
			isa = XCBuildConfiguration;
			buildSettings = {
				ALWAYS_EMBED_SWIFT_STANDARD_LIBRARIES = YES;
				BUNDLE_LOADER = "$(TEST_HOST)";
				CODE_SIGN_STYLE = Automatic;
				INFOPLIST_FILE = "Women In ComputingTests/Info.plist";
				LD_RUNPATH_SEARCH_PATHS = "$(inherited) @executable_path/Frameworks @loader_path/Frameworks";
				PRODUCT_BUNDLE_IDENTIFIER = "nwmissouri.edu.Women-In-ComputingTests";
				PRODUCT_NAME = "$(TARGET_NAME)";
				SWIFT_VERSION = 4.0;
				TARGETED_DEVICE_FAMILY = "1,2";
				TEST_HOST = "$(BUILT_PRODUCTS_DIR)/Women In Computing.app/Women In Computing";
			};
			name = Release;
		};
		3F43ECF62166B819007ABB36 /* Debug */ = {
			isa = XCBuildConfiguration;
			buildSettings = {
				ALWAYS_EMBED_SWIFT_STANDARD_LIBRARIES = YES;
				CODE_SIGN_STYLE = Automatic;
				INFOPLIST_FILE = "Women In ComputingUITests/Info.plist";
				LD_RUNPATH_SEARCH_PATHS = "$(inherited) @executable_path/Frameworks @loader_path/Frameworks";
				PRODUCT_BUNDLE_IDENTIFIER = "nwmissouri.edu.Women-In-ComputingUITests";
				PRODUCT_NAME = "$(TARGET_NAME)";
				SWIFT_VERSION = 4.0;
				TARGETED_DEVICE_FAMILY = "1,2";
				TEST_TARGET_NAME = "Women In Computing";
			};
			name = Debug;
		};
		3F43ECF72166B819007ABB36 /* Release */ = {
			isa = XCBuildConfiguration;
			buildSettings = {
				ALWAYS_EMBED_SWIFT_STANDARD_LIBRARIES = YES;
				CODE_SIGN_STYLE = Automatic;
				INFOPLIST_FILE = "Women In ComputingUITests/Info.plist";
				LD_RUNPATH_SEARCH_PATHS = "$(inherited) @executable_path/Frameworks @loader_path/Frameworks";
				PRODUCT_BUNDLE_IDENTIFIER = "nwmissouri.edu.Women-In-ComputingUITests";
				PRODUCT_NAME = "$(TARGET_NAME)";
				SWIFT_VERSION = 4.0;
				TARGETED_DEVICE_FAMILY = "1,2";
				TEST_TARGET_NAME = "Women In Computing";
			};
			name = Release;
		};
/* End XCBuildConfiguration section */

/* Begin XCConfigurationList section */
		3F43ECC02166B819007ABB36 /* Build configuration list for PBXProject "Women In Computing" */ = {
			isa = XCConfigurationList;
			buildConfigurations = (
				3F43ECED2166B819007ABB36 /* Debug */,
				3F43ECEE2166B819007ABB36 /* Release */,
			);
			defaultConfigurationIsVisible = 0;
			defaultConfigurationName = Release;
		};
		3F43ECEF2166B819007ABB36 /* Build configuration list for PBXNativeTarget "Women In Computing" */ = {
			isa = XCConfigurationList;
			buildConfigurations = (
				3F43ECF02166B819007ABB36 /* Debug */,
				3F43ECF12166B819007ABB36 /* Release */,
			);
			defaultConfigurationIsVisible = 0;
			defaultConfigurationName = Release;
		};
		3F43ECF22166B819007ABB36 /* Build configuration list for PBXNativeTarget "Women In ComputingTests" */ = {
			isa = XCConfigurationList;
			buildConfigurations = (
				3F43ECF32166B819007ABB36 /* Debug */,
				3F43ECF42166B819007ABB36 /* Release */,
			);
			defaultConfigurationIsVisible = 0;
			defaultConfigurationName = Release;
		};
		3F43ECF52166B819007ABB36 /* Build configuration list for PBXNativeTarget "Women In ComputingUITests" */ = {
			isa = XCConfigurationList;
			buildConfigurations = (
				3F43ECF62166B819007ABB36 /* Debug */,
				3F43ECF72166B819007ABB36 /* Release */,
			);
			defaultConfigurationIsVisible = 0;
			defaultConfigurationName = Release;
		};
/* End XCConfigurationList section */
	};
	rootObject = 3F43ECBD2166B819007ABB36 /* Project object */;
}
