// !$*UTF8*$!
{
	archiveVersion = 1;
	classes = {
	};
	objectVersion = 48;
	objects = {

/* Begin PBXBuildFile section */
		16064C932191307F007824FB /* Women.swift in Sources */ = {isa = PBXBuildFile; fileRef = 16064C922191307F007824FB /* Women.swift */; };
		1609BB9B217B053A00B88AC2 /* LoginViewController.swift in Sources */ = {isa = PBXBuildFile; fileRef = 1609BB9A217B053A00B88AC2 /* LoginViewController.swift */; };
		1609BB9D217B0A0F00B88AC2 /* UserModel.swift in Sources */ = {isa = PBXBuildFile; fileRef = 1609BB9C217B0A0F00B88AC2 /* UserModel.swift */; };
		1609BB9F217B123B00B88AC2 /* RegistrationViewController.swift in Sources */ = {isa = PBXBuildFile; fileRef = 1609BB9E217B123B00B88AC2 /* RegistrationViewController.swift */; };
		1609BBA1217B1E3C00B88AC2 /* ForgotPasswordViewController.swift in Sources */ = {isa = PBXBuildFile; fileRef = 1609BBA0217B1E3C00B88AC2 /* ForgotPasswordViewController.swift */; };
		1678E2C921A2172100436FD9 /* WomenInComputing.txt in Resources */ = {isa = PBXBuildFile; fileRef = 1678E2C821A2172100436FD9 /* WomenInComputing.txt */; };
		29CE7A4E216731E800050F60 /* LevelPageViewController.swift in Sources */ = {isa = PBXBuildFile; fileRef = 29CE7A4D216731E800050F60 /* LevelPageViewController.swift */; };
		3F3614BA2168097F00072997 /* SettingsViewController.swift in Sources */ = {isa = PBXBuildFile; fileRef = 3F3614B92168097F00072997 /* SettingsViewController.swift */; };
		3F43ECC92166B819007ABB36 /* AppDelegate.swift in Sources */ = {isa = PBXBuildFile; fileRef = 3F43ECC82166B819007ABB36 /* AppDelegate.swift */; };
		3F43ECCB2166B819007ABB36 /* GameViewController.swift in Sources */ = {isa = PBXBuildFile; fileRef = 3F43ECCA2166B819007ABB36 /* GameViewController.swift */; };
		3F43ECD02166B819007ABB36 /* Main.storyboard in Resources */ = {isa = PBXBuildFile; fileRef = 3F43ECCE2166B819007ABB36 /* Main.storyboard */; };
		3F43ECD22166B819007ABB36 /* Assets.xcassets in Resources */ = {isa = PBXBuildFile; fileRef = 3F43ECD12166B819007ABB36 /* Assets.xcassets */; };
		3F43ECD52166B819007ABB36 /* LaunchScreen.storyboard in Resources */ = {isa = PBXBuildFile; fileRef = 3F43ECD32166B819007ABB36 /* LaunchScreen.storyboard */; };
		3F43ECE02166B819007ABB36 /* Women_In_ComputingTests.swift in Sources */ = {isa = PBXBuildFile; fileRef = 3F43ECDF2166B819007ABB36 /* Women_In_ComputingTests.swift */; };
		3F43ECEB2166B819007ABB36 /* Women_In_ComputingUITests.swift in Sources */ = {isa = PBXBuildFile; fileRef = 3F43ECEA2166B819007ABB36 /* Women_In_ComputingUITests.swift */; };
		3F43ECF92166C5E8007ABB36 /* FamousWomenTableViewController.swift in Sources */ = {isa = PBXBuildFile; fileRef = 3F43ECF82166C5E8007ABB36 /* FamousWomenTableViewController.swift */; };
		4AE10C1EEF521CFF6C69F7CD /* Pods_Women_In_ComputingTests.framework in Frameworks */ = {isa = PBXBuildFile; fileRef = A73F8DB0540CECBF0FBFE268 /* Pods_Women_In_ComputingTests.framework */; };
		5FDE6BA9267CB78D5DAE1B88 /* Pods_Women_In_Computing.framework in Frameworks */ = {isa = PBXBuildFile; fileRef = 701C7872744653CA3240D9C5 /* Pods_Women_In_Computing.framework */; };
		7E5A7C4EC37CAA0687241E06 /* Pods_Women_In_ComputingUITests.framework in Frameworks */ = {isa = PBXBuildFile; fileRef = 5DB75351FFE78BA3BBD087A6 /* Pods_Women_In_ComputingUITests.framework */; };
/* End PBXBuildFile section */

/* Begin PBXContainerItemProxy section */
		3F43ECDC2166B819007ABB36 /* PBXContainerItemProxy */ = {
			isa = PBXContainerItemProxy;
			containerPortal = 3F43ECBD2166B819007ABB36 /* Project object */;
			proxyType = 1;
			remoteGlobalIDString = 3F43ECC42166B819007ABB36;
			remoteInfo = "Women In Computing";
		};
		3F43ECE72166B819007ABB36 /* PBXContainerItemProxy */ = {
			isa = PBXContainerItemProxy;
			containerPortal = 3F43ECBD2166B819007ABB36 /* Project object */;
			proxyType = 1;
			remoteGlobalIDString = 3F43ECC42166B819007ABB36;
			remoteInfo = "Women In Computing";
		};
/* End PBXContainerItemProxy section */

/* Begin PBXFileReference section */
		07BA19EC513EE711A90C80C6 /* Pods-Women In ComputingUITests.release.xcconfig */ = {isa = PBXFileReference; includeInIndex = 1; lastKnownFileType = text.xcconfig; name = "Pods-Women In ComputingUITests.release.xcconfig"; path = "Pods/Target Support Files/Pods-Women In ComputingUITests/Pods-Women In ComputingUITests.release.xcconfig"; sourceTree = "<group>"; };
		16064C922191307F007824FB /* Women.swift */ = {isa = PBXFileReference; lastKnownFileType = sourcecode.swift; path = Women.swift; sourceTree = "<group>"; };
		1609BB9A217B053A00B88AC2 /* LoginViewController.swift */ = {isa = PBXFileReference; lastKnownFileType = sourcecode.swift; path = LoginViewController.swift; sourceTree = "<group>"; };
		1609BB9C217B0A0F00B88AC2 /* UserModel.swift */ = {isa = PBXFileReference; lastKnownFileType = sourcecode.swift; path = UserModel.swift; sourceTree = "<group>"; };
		1609BB9E217B123B00B88AC2 /* RegistrationViewController.swift */ = {isa = PBXFileReference; lastKnownFileType = sourcecode.swift; path = RegistrationViewController.swift; sourceTree = "<group>"; };
		1609BBA0217B1E3C00B88AC2 /* ForgotPasswordViewController.swift */ = {isa = PBXFileReference; lastKnownFileType = sourcecode.swift; path = ForgotPasswordViewController.swift; sourceTree = "<group>"; };
		1678E2C821A2172100436FD9 /* WomenInComputing.txt */ = {isa = PBXFileReference; fileEncoding = 4; lastKnownFileType = text; path = WomenInComputing.txt; sourceTree = "<group>"; };
		29CE7A4D216731E800050F60 /* LevelPageViewController.swift */ = {isa = PBXFileReference; lastKnownFileType = sourcecode.swift; path = LevelPageViewController.swift; sourceTree = "<group>"; };
		3F3614B92168097F00072997 /* SettingsViewController.swift */ = {isa = PBXFileReference; lastKnownFileType = sourcecode.swift; path = SettingsViewController.swift; sourceTree = "<group>"; };
		3F43ECC52166B819007ABB36 /* Women In Computing.app */ = {isa = PBXFileReference; explicitFileType = wrapper.application; includeInIndex = 0; path = "Women In Computing.app"; sourceTree = BUILT_PRODUCTS_DIR; };
		3F43ECC82166B819007ABB36 /* AppDelegate.swift */ = {isa = PBXFileReference; lastKnownFileType = sourcecode.swift; path = AppDelegate.swift; sourceTree = "<group>"; };
		3F43ECCA2166B819007ABB36 /* GameViewController.swift */ = {isa = PBXFileReference; lastKnownFileType = sourcecode.swift; path = GameViewController.swift; sourceTree = "<group>"; };
		3F43ECCF2166B819007ABB36 /* Base */ = {isa = PBXFileReference; lastKnownFileType = file.storyboard; name = Base; path = Base.lproj/Main.storyboard; sourceTree = "<group>"; };
		3F43ECD12166B819007ABB36 /* Assets.xcassets */ = {isa = PBXFileReference; lastKnownFileType = folder.assetcatalog; path = Assets.xcassets; sourceTree = "<group>"; };
		3F43ECD42166B819007ABB36 /* Base */ = {isa = PBXFileReference; lastKnownFileType = file.storyboard; name = Base; path = Base.lproj/LaunchScreen.storyboard; sourceTree = "<group>"; };
		3F43ECD62166B819007ABB36 /* Info.plist */ = {isa = PBXFileReference; lastKnownFileType = text.plist.xml; path = Info.plist; sourceTree = "<group>"; };
		3F43ECDB2166B819007ABB36 /* Women In ComputingTests.xctest */ = {isa = PBXFileReference; explicitFileType = wrapper.cfbundle; includeInIndex = 0; path = "Women In ComputingTests.xctest"; sourceTree = BUILT_PRODUCTS_DIR; };
		3F43ECDF2166B819007ABB36 /* Women_In_ComputingTests.swift */ = {isa = PBXFileReference; lastKnownFileType = sourcecode.swift; path = Women_In_ComputingTests.swift; sourceTree = "<group>"; };
		3F43ECE12166B819007ABB36 /* Info.plist */ = {isa = PBXFileReference; lastKnownFileType = text.plist.xml; path = Info.plist; sourceTree = "<group>"; };
		3F43ECE62166B819007ABB36 /* Women In ComputingUITests.xctest */ = {isa = PBXFileReference; explicitFileType = wrapper.cfbundle; includeInIndex = 0; path = "Women In ComputingUITests.xctest"; sourceTree = BUILT_PRODUCTS_DIR; };
		3F43ECEA2166B819007ABB36 /* Women_In_ComputingUITests.swift */ = {isa = PBXFileReference; lastKnownFileType = sourcecode.swift; path = Women_In_ComputingUITests.swift; sourceTree = "<group>"; };
		3F43ECEC2166B819007ABB36 /* Info.plist */ = {isa = PBXFileReference; lastKnownFileType = text.plist.xml; path = Info.plist; sourceTree = "<group>"; };
		3F43ECF82166C5E8007ABB36 /* FamousWomenTableViewController.swift */ = {isa = PBXFileReference; lastKnownFileType = sourcecode.swift; path = FamousWomenTableViewController.swift; sourceTree = "<group>"; };
		5DB75351FFE78BA3BBD087A6 /* Pods_Women_In_ComputingUITests.framework */ = {isa = PBXFileReference; explicitFileType = wrapper.framework; includeInIndex = 0; path = Pods_Women_In_ComputingUITests.framework; sourceTree = BUILT_PRODUCTS_DIR; };
		701C7872744653CA3240D9C5 /* Pods_Women_In_Computing.framework */ = {isa = PBXFileReference; explicitFileType = wrapper.framework; includeInIndex = 0; path = Pods_Women_In_Computing.framework; sourceTree = BUILT_PRODUCTS_DIR; };
		7CFC1FEFAC6BCA61D7DCEEDD /* Pods-Women In ComputingUITests.debug.xcconfig */ = {isa = PBXFileReference; includeInIndex = 1; lastKnownFileType = text.xcconfig; name = "Pods-Women In ComputingUITests.debug.xcconfig"; path = "Pods/Target Support Files/Pods-Women In ComputingUITests/Pods-Women In ComputingUITests.debug.xcconfig"; sourceTree = "<group>"; };
		9B7D9289BD4F9E877858A927 /* Pods-Women In ComputingTests.debug.xcconfig */ = {isa = PBXFileReference; includeInIndex = 1; lastKnownFileType = text.xcconfig; name = "Pods-Women In ComputingTests.debug.xcconfig"; path = "Pods/Target Support Files/Pods-Women In ComputingTests/Pods-Women In ComputingTests.debug.xcconfig"; sourceTree = "<group>"; };
		A73F8DB0540CECBF0FBFE268 /* Pods_Women_In_ComputingTests.framework */ = {isa = PBXFileReference; explicitFileType = wrapper.framework; includeInIndex = 0; path = Pods_Women_In_ComputingTests.framework; sourceTree = BUILT_PRODUCTS_DIR; };
		B9AF84733ACC5A6D1274E99A /* Pods-Women In Computing.debug.xcconfig */ = {isa = PBXFileReference; includeInIndex = 1; lastKnownFileType = text.xcconfig; name = "Pods-Women In Computing.debug.xcconfig"; path = "Pods/Target Support Files/Pods-Women In Computing/Pods-Women In Computing.debug.xcconfig"; sourceTree = "<group>"; };
		E8CA621C59BBC74842F043C6 /* Pods-Women In Computing.release.xcconfig */ = {isa = PBXFileReference; includeInIndex = 1; lastKnownFileType = text.xcconfig; name = "Pods-Women In Computing.release.xcconfig"; path = "Pods/Target Support Files/Pods-Women In Computing/Pods-Women In Computing.release.xcconfig"; sourceTree = "<group>"; };
		ECEDB476A165B63479F3BA33 /* Pods-Women In ComputingTests.release.xcconfig */ = {isa = PBXFileReference; includeInIndex = 1; lastKnownFileType = text.xcconfig; name = "Pods-Women In ComputingTests.release.xcconfig"; path = "Pods/Target Support Files/Pods-Women In ComputingTests/Pods-Women In ComputingTests.release.xcconfig"; sourceTree = "<group>"; };
/* End PBXFileReference section */

/* Begin PBXFrameworksBuildPhase section */
		3F43ECC22166B819007ABB36 /* Frameworks */ = {
			isa = PBXFrameworksBuildPhase;
			buildActionMask = 2147483647;
			files = (
				5FDE6BA9267CB78D5DAE1B88 /* Pods_Women_In_Computing.framework in Frameworks */,
			);
			runOnlyForDeploymentPostprocessing = 0;
		};
		3F43ECD82166B819007ABB36 /* Frameworks */ = {
			isa = PBXFrameworksBuildPhase;
			buildActionMask = 2147483647;
			files = (
				4AE10C1EEF521CFF6C69F7CD /* Pods_Women_In_ComputingTests.framework in Frameworks */,
			);
			runOnlyForDeploymentPostprocessing = 0;
		};
		3F43ECE32166B819007ABB36 /* Frameworks */ = {
			isa = PBXFrameworksBuildPhase;
			buildActionMask = 2147483647;
			files = (
				7E5A7C4EC37CAA0687241E06 /* Pods_Women_In_ComputingUITests.framework in Frameworks */,
			);
			runOnlyForDeploymentPostprocessing = 0;
		};
/* End PBXFrameworksBuildPhase section */

/* Begin PBXGroup section */
		011D4C29729FB88EECF7E482 /* Frameworks */ = {
			isa = PBXGroup;
			children = (
				701C7872744653CA3240D9C5 /* Pods_Women_In_Computing.framework */,
				A73F8DB0540CECBF0FBFE268 /* Pods_Women_In_ComputingTests.framework */,
				5DB75351FFE78BA3BBD087A6 /* Pods_Women_In_ComputingUITests.framework */,
			);
			name = Frameworks;
			sourceTree = "<group>";
		};
		3F43ECBC2166B819007ABB36 = {
			isa = PBXGroup;
			children = (
				3F43ECC72166B819007ABB36 /* Women In Computing */,
				3F43ECDE2166B819007ABB36 /* Women In ComputingTests */,
				3F43ECE92166B819007ABB36 /* Women In ComputingUITests */,
				3F43ECC62166B819007ABB36 /* Products */,
				9AB20B507933259BF4A62BE3 /* Pods */,
				011D4C29729FB88EECF7E482 /* Frameworks */,
			);
			sourceTree = "<group>";
		};
		3F43ECC62166B819007ABB36 /* Products */ = {
			isa = PBXGroup;
			children = (
				3F43ECC52166B819007ABB36 /* Women In Computing.app */,
				3F43ECDB2166B819007ABB36 /* Women In ComputingTests.xctest */,
				3F43ECE62166B819007ABB36 /* Women In ComputingUITests.xctest */,
			);
			name = Products;
			sourceTree = "<group>";
		};
		3F43ECC72166B819007ABB36 /* Women In Computing */ = {
			isa = PBXGroup;
			children = (
				1678E2C821A2172100436FD9 /* WomenInComputing.txt */,
				3F43ECC82166B819007ABB36 /* AppDelegate.swift */,
				3F43ECCA2166B819007ABB36 /* GameViewController.swift */,
				3F43ECCE2166B819007ABB36 /* Main.storyboard */,
				1609BB9E217B123B00B88AC2 /* RegistrationViewController.swift */,
				1609BB9C217B0A0F00B88AC2 /* UserModel.swift */,
				29CE7A4D216731E800050F60 /* LevelPageViewController.swift */,
				3F43ECD12166B819007ABB36 /* Assets.xcassets */,
				3F43ECD32166B819007ABB36 /* LaunchScreen.storyboard */,
				3F43ECD62166B819007ABB36 /* Info.plist */,
				3F43ECF82166C5E8007ABB36 /* FamousWomenTableViewController.swift */,
				3F3614B92168097F00072997 /* SettingsViewController.swift */,
				1609BB9A217B053A00B88AC2 /* LoginViewController.swift */,
				1609BBA0217B1E3C00B88AC2 /* ForgotPasswordViewController.swift */,
				16064C922191307F007824FB /* Women.swift */,
			);
			path = "Women In Computing";
			sourceTree = "<group>";
		};
		3F43ECDE2166B819007ABB36 /* Women In ComputingTests */ = {
			isa = PBXGroup;
			children = (
				3F43ECDF2166B819007ABB36 /* Women_In_ComputingTests.swift */,
				3F43ECE12166B819007ABB36 /* Info.plist */,
			);
			path = "Women In ComputingTests";
			sourceTree = "<group>";
		};
		3F43ECE92166B819007ABB36 /* Women In ComputingUITests */ = {
			isa = PBXGroup;
			children = (
				3F43ECEA2166B819007ABB36 /* Women_In_ComputingUITests.swift */,
				3F43ECEC2166B819007ABB36 /* Info.plist */,
			);
			path = "Women In ComputingUITests";
			sourceTree = "<group>";
		};
		9AB20B507933259BF4A62BE3 /* Pods */ = {
			isa = PBXGroup;
			children = (
				B9AF84733ACC5A6D1274E99A /* Pods-Women In Computing.debug.xcconfig */,
				E8CA621C59BBC74842F043C6 /* Pods-Women In Computing.release.xcconfig */,
				9B7D9289BD4F9E877858A927 /* Pods-Women In ComputingTests.debug.xcconfig */,
				ECEDB476A165B63479F3BA33 /* Pods-Women In ComputingTests.release.xcconfig */,
				7CFC1FEFAC6BCA61D7DCEEDD /* Pods-Women In ComputingUITests.debug.xcconfig */,
				07BA19EC513EE711A90C80C6 /* Pods-Women In ComputingUITests.release.xcconfig */,
			);
			name = Pods;
			sourceTree = "<group>";
		};
/* End PBXGroup section */

/* Begin PBXNativeTarget section */
		3F43ECC42166B819007ABB36 /* Women In Computing */ = {
			isa = PBXNativeTarget;
			buildConfigurationList = 3F43ECEF2166B819007ABB36 /* Build configuration list for PBXNativeTarget "Women In Computing" */;
			buildPhases = (
				BDF1E134512A8CFA45E1094E /* [CP] Check Pods Manifest.lock */,
				3F43ECC12166B819007ABB36 /* Sources */,
				3F43ECC22166B819007ABB36 /* Frameworks */,
				3F43ECC32166B819007ABB36 /* Resources */,
				A8455213001DD84B11CC003F /* [CP] Embed Pods Frameworks */,
			);
			buildRules = (
			);
			dependencies = (
			);
			name = "Women In Computing";
			productName = "Women In Computing";
			productReference = 3F43ECC52166B819007ABB36 /* Women In Computing.app */;
			productType = "com.apple.product-type.application";
		};
		3F43ECDA2166B819007ABB36 /* Women In ComputingTests */ = {
			isa = PBXNativeTarget;
			buildConfigurationList = 3F43ECF22166B819007ABB36 /* Build configuration list for PBXNativeTarget "Women In ComputingTests" */;
			buildPhases = (
				04C4CF8A01A5F9A60098C4D8 /* [CP] Check Pods Manifest.lock */,
				3F43ECD72166B819007ABB36 /* Sources */,
				3F43ECD82166B819007ABB36 /* Frameworks */,
				3F43ECD92166B819007ABB36 /* Resources */,
			);
			buildRules = (
			);
			dependencies = (
				3F43ECDD2166B819007ABB36 /* PBXTargetDependency */,
			);
			name = "Women In ComputingTests";
			productName = "Women In ComputingTests";
			productReference = 3F43ECDB2166B819007ABB36 /* Women In ComputingTests.xctest */;
			productType = "com.apple.product-type.bundle.unit-test";
		};
		3F43ECE52166B819007ABB36 /* Women In ComputingUITests */ = {
			isa = PBXNativeTarget;
			buildConfigurationList = 3F43ECF52166B819007ABB36 /* Build configuration list for PBXNativeTarget "Women In ComputingUITests" */;
			buildPhases = (
				FBB55BB084C111113B01239E /* [CP] Check Pods Manifest.lock */,
				3F43ECE22166B819007ABB36 /* Sources */,
				3F43ECE32166B819007ABB36 /* Frameworks */,
				3F43ECE42166B819007ABB36 /* Resources */,
			);
			buildRules = (
			);
			dependencies = (
				3F43ECE82166B819007ABB36 /* PBXTargetDependency */,
			);
			name = "Women In ComputingUITests";
			productName = "Women In ComputingUITests";
			productReference = 3F43ECE62166B819007ABB36 /* Women In ComputingUITests.xctest */;
			productType = "com.apple.product-type.bundle.ui-testing";
		};
/* End PBXNativeTarget section */

/* Begin PBXProject section */
		3F43ECBD2166B819007ABB36 /* Project object */ = {
			isa = PBXProject;
			attributes = {
				LastSwiftUpdateCheck = 0920;
				LastUpgradeCheck = 0920;
				ORGANIZATIONNAME = Student;
				TargetAttributes = {
					3F43ECC42166B819007ABB36 = {
						CreatedOnToolsVersion = 9.2;
						ProvisioningStyle = Automatic;
					};
					3F43ECDA2166B819007ABB36 = {
						CreatedOnToolsVersion = 9.2;
						ProvisioningStyle = Automatic;
						TestTargetID = 3F43ECC42166B819007ABB36;
					};
					3F43ECE52166B819007ABB36 = {
						CreatedOnToolsVersion = 9.2;
						ProvisioningStyle = Automatic;
						TestTargetID = 3F43ECC42166B819007ABB36;
					};
				};
			};
			buildConfigurationList = 3F43ECC02166B819007ABB36 /* Build configuration list for PBXProject "Women In Computing" */;
			compatibilityVersion = "Xcode 8.0";
			developmentRegion = en;
			hasScannedForEncodings = 0;
			knownRegions = (
				en,
				Base,
			);
			mainGroup = 3F43ECBC2166B819007ABB36;
			productRefGroup = 3F43ECC62166B819007ABB36 /* Products */;
			projectDirPath = "";
			projectRoot = "";
			targets = (
				3F43ECC42166B819007ABB36 /* Women In Computing */,
				3F43ECDA2166B819007ABB36 /* Women In ComputingTests */,
				3F43ECE52166B819007ABB36 /* Women In ComputingUITests */,
			);
		};
/* End PBXProject section */

/* Begin PBXResourcesBuildPhase section */
		3F43ECC32166B819007ABB36 /* Resources */ = {
			isa = PBXResourcesBuildPhase;
			buildActionMask = 2147483647;
			files = (
				3F43ECD52166B819007ABB36 /* LaunchScreen.storyboard in Resources */,
				1678E2C921A2172100436FD9 /* WomenInComputing.txt in Resources */,
				3F43ECD22166B819007ABB36 /* Assets.xcassets in Resources */,
				3F43ECD02166B819007ABB36 /* Main.storyboard in Resources */,
			);
			runOnlyForDeploymentPostprocessing = 0;
		};
		3F43ECD92166B819007ABB36 /* Resources */ = {
			isa = PBXResourcesBuildPhase;
			buildActionMask = 2147483647;
			files = (
			);
			runOnlyForDeploymentPostprocessing = 0;
		};
		3F43ECE42166B819007ABB36 /* Resources */ = {
			isa = PBXResourcesBuildPhase;
			buildActionMask = 2147483647;
			files = (
			);
			runOnlyForDeploymentPostprocessing = 0;
		};
/* End PBXResourcesBuildPhase section */

/* Begin PBXShellScriptBuildPhase section */
		04C4CF8A01A5F9A60098C4D8 /* [CP] Check Pods Manifest.lock */ = {
			isa = PBXShellScriptBuildPhase;
			buildActionMask = 2147483647;
			files = (
			);
			inputFileListPaths = (
			);
			inputPaths = (
				"${PODS_PODFILE_DIR_PATH}/Podfile.lock",
				"${PODS_ROOT}/Manifest.lock",
			);
			name = "[CP] Check Pods Manifest.lock";
			outputFileListPaths = (
			);
			outputPaths = (
				"$(DERIVED_FILE_DIR)/Pods-Women In ComputingTests-checkManifestLockResult.txt",
			);
			runOnlyForDeploymentPostprocessing = 0;
			shellPath = /bin/sh;
			shellScript = "diff \"${PODS_PODFILE_DIR_PATH}/Podfile.lock\" \"${PODS_ROOT}/Manifest.lock\" > /dev/null\nif [ $? != 0 ] ; then\n    # print error to STDERR\n    echo \"error: The sandbox is not in sync with the Podfile.lock. Run 'pod install' or update your CocoaPods installation.\" >&2\n    exit 1\nfi\n# This output is used by Xcode 'outputs' to avoid re-running this script phase.\necho \"SUCCESS\" > \"${SCRIPT_OUTPUT_FILE_0}\"\n";
			showEnvVarsInLog = 0;
		};
		A8455213001DD84B11CC003F /* [CP] Embed Pods Frameworks */ = {
			isa = PBXShellScriptBuildPhase;
			buildActionMask = 2147483647;
			files = (
			);
			inputFileListPaths = (
			);
			inputPaths = (
				"${SRCROOT}/Pods/Target Support Files/Pods-Women In Computing/Pods-Women In Computing-frameworks.sh",
				"${BUILT_PRODUCTS_DIR}/Socket.IO-Client-Swift/SocketIO.framework",
				"${BUILT_PRODUCTS_DIR}/Starscream/Starscream.framework",
			);
			name = "[CP] Embed Pods Frameworks";
			outputFileListPaths = (
			);
			outputPaths = (
				"${TARGET_BUILD_DIR}/${FRAMEWORKS_FOLDER_PATH}/SocketIO.framework",
				"${TARGET_BUILD_DIR}/${FRAMEWORKS_FOLDER_PATH}/Starscream.framework",
			);
			runOnlyForDeploymentPostprocessing = 0;
			shellPath = /bin/sh;
			shellScript = "\"${SRCROOT}/Pods/Target Support Files/Pods-Women In Computing/Pods-Women In Computing-frameworks.sh\"\n";
			showEnvVarsInLog = 0;
		};
		BDF1E134512A8CFA45E1094E /* [CP] Check Pods Manifest.lock */ = {
			isa = PBXShellScriptBuildPhase;
			buildActionMask = 2147483647;
			files = (
			);
			inputFileListPaths = (
			);
			inputPaths = (
				"${PODS_PODFILE_DIR_PATH}/Podfile.lock",
				"${PODS_ROOT}/Manifest.lock",
			);
			name = "[CP] Check Pods Manifest.lock";
			outputFileListPaths = (
			);
			outputPaths = (
				"$(DERIVED_FILE_DIR)/Pods-Women In Computing-checkManifestLockResult.txt",
			);
			runOnlyForDeploymentPostprocessing = 0;
			shellPath = /bin/sh;
			shellScript = "diff \"${PODS_PODFILE_DIR_PATH}/Podfile.lock\" \"${PODS_ROOT}/Manifest.lock\" > /dev/null\nif [ $? != 0 ] ; then\n    # print error to STDERR\n    echo \"error: The sandbox is not in sync with the Podfile.lock. Run 'pod install' or update your CocoaPods installation.\" >&2\n    exit 1\nfi\n# This output is used by Xcode 'outputs' to avoid re-running this script phase.\necho \"SUCCESS\" > \"${SCRIPT_OUTPUT_FILE_0}\"\n";
			showEnvVarsInLog = 0;
		};
		FBB55BB084C111113B01239E /* [CP] Check Pods Manifest.lock */ = {
			isa = PBXShellScriptBuildPhase;
			buildActionMask = 2147483647;
			files = (
			);
			inputFileListPaths = (
			);
			inputPaths = (
				"${PODS_PODFILE_DIR_PATH}/Podfile.lock",
				"${PODS_ROOT}/Manifest.lock",
			);
			name = "[CP] Check Pods Manifest.lock";
			outputFileListPaths = (
			);
			outputPaths = (
				"$(DERIVED_FILE_DIR)/Pods-Women In ComputingUITests-checkManifestLockResult.txt",
			);
			runOnlyForDeploymentPostprocessing = 0;
			shellPath = /bin/sh;
			shellScript = "diff \"${PODS_PODFILE_DIR_PATH}/Podfile.lock\" \"${PODS_ROOT}/Manifest.lock\" > /dev/null\nif [ $? != 0 ] ; then\n    # print error to STDERR\n    echo \"error: The sandbox is not in sync with the Podfile.lock. Run 'pod install' or update your CocoaPods installation.\" >&2\n    exit 1\nfi\n# This output is used by Xcode 'outputs' to avoid re-running this script phase.\necho \"SUCCESS\" > \"${SCRIPT_OUTPUT_FILE_0}\"\n";
			showEnvVarsInLog = 0;
		};
/* End PBXShellScriptBuildPhase section */

/* Begin PBXSourcesBuildPhase section */
		3F43ECC12166B819007ABB36 /* Sources */ = {
			isa = PBXSourcesBuildPhase;
			buildActionMask = 2147483647;
			files = (
				1609BB9B217B053A00B88AC2 /* LoginViewController.swift in Sources */,
				29CE7A4E216731E800050F60 /* LevelPageViewController.swift in Sources */,
				1609BB9D217B0A0F00B88AC2 /* UserModel.swift in Sources */,
				1609BB9F217B123B00B88AC2 /* RegistrationViewController.swift in Sources */,
				3F43ECC92166B819007ABB36 /* AppDelegate.swift in Sources */,
				1609BBA1217B1E3C00B88AC2 /* ForgotPasswordViewController.swift in Sources */,
				3F43ECCB2166B819007ABB36 /* GameViewController.swift in Sources */,
				3F3614BA2168097F00072997 /* SettingsViewController.swift in Sources */,
				16064C932191307F007824FB /* Women.swift in Sources */,
				3F43ECF92166C5E8007ABB36 /* FamousWomenTableViewController.swift in Sources */,
			);
			runOnlyForDeploymentPostprocessing = 0;
		};
		3F43ECD72166B819007ABB36 /* Sources */ = {
			isa = PBXSourcesBuildPhase;
			buildActionMask = 2147483647;
			files = (
				3F43ECE02166B819007ABB36 /* Women_In_ComputingTests.swift in Sources */,
			);
			runOnlyForDeploymentPostprocessing = 0;
		};
		3F43ECE22166B819007ABB36 /* Sources */ = {
			isa = PBXSourcesBuildPhase;
			buildActionMask = 2147483647;
			files = (
				3F43ECEB2166B819007ABB36 /* Women_In_ComputingUITests.swift in Sources */,
			);
			runOnlyForDeploymentPostprocessing = 0;
		};
/* End PBXSourcesBuildPhase section */

/* Begin PBXTargetDependency section */
		3F43ECDD2166B819007ABB36 /* PBXTargetDependency */ = {
			isa = PBXTargetDependency;
			target = 3F43ECC42166B819007ABB36 /* Women In Computing */;
			targetProxy = 3F43ECDC2166B819007ABB36 /* PBXContainerItemProxy */;
		};
		3F43ECE82166B819007ABB36 /* PBXTargetDependency */ = {
			isa = PBXTargetDependency;
			target = 3F43ECC42166B819007ABB36 /* Women In Computing */;
			targetProxy = 3F43ECE72166B819007ABB36 /* PBXContainerItemProxy */;
		};
/* End PBXTargetDependency section */

/* Begin PBXVariantGroup section */
		3F43ECCE2166B819007ABB36 /* Main.storyboard */ = {
			isa = PBXVariantGroup;
			children = (
				3F43ECCF2166B819007ABB36 /* Base */,
			);
			name = Main.storyboard;
			sourceTree = "<group>";
		};
		3F43ECD32166B819007ABB36 /* LaunchScreen.storyboard */ = {
			isa = PBXVariantGroup;
			children = (
				3F43ECD42166B819007ABB36 /* Base */,
			);
			name = LaunchScreen.storyboard;
			sourceTree = "<group>";
		};
/* End PBXVariantGroup section */

/* Begin XCBuildConfiguration section */
		3F43ECED2166B819007ABB36 /* Debug */ = {
			isa = XCBuildConfiguration;
			buildSettings = {
				ALWAYS_SEARCH_USER_PATHS = NO;
				CLANG_ANALYZER_NONNULL = YES;
				CLANG_ANALYZER_NUMBER_OBJECT_CONVERSION = YES_AGGRESSIVE;
				CLANG_CXX_LANGUAGE_STANDARD = "gnu++14";
				CLANG_CXX_LIBRARY = "libc++";
				CLANG_ENABLE_MODULES = YES;
				CLANG_ENABLE_OBJC_ARC = YES;
				CLANG_WARN_BLOCK_CAPTURE_AUTORELEASING = YES;
				CLANG_WARN_BOOL_CONVERSION = YES;
				CLANG_WARN_COMMA = YES;
				CLANG_WARN_CONSTANT_CONVERSION = YES;
				CLANG_WARN_DIRECT_OBJC_ISA_USAGE = YES_ERROR;
				CLANG_WARN_DOCUMENTATION_COMMENTS = YES;
				CLANG_WARN_EMPTY_BODY = YES;
				CLANG_WARN_ENUM_CONVERSION = YES;
				CLANG_WARN_INFINITE_RECURSION = YES;
				CLANG_WARN_INT_CONVERSION = YES;
				CLANG_WARN_NON_LITERAL_NULL_CONVERSION = YES;
				CLANG_WARN_OBJC_LITERAL_CONVERSION = YES;
				CLANG_WARN_OBJC_ROOT_CLASS = YES_ERROR;
				CLANG_WARN_RANGE_LOOP_ANALYSIS = YES;
				CLANG_WARN_STRICT_PROTOTYPES = YES;
				CLANG_WARN_SUSPICIOUS_MOVE = YES;
				CLANG_WARN_UNGUARDED_AVAILABILITY = YES_AGGRESSIVE;
				CLANG_WARN_UNREACHABLE_CODE = YES;
				CLANG_WARN__DUPLICATE_METHOD_MATCH = YES;
				CODE_SIGN_IDENTITY = "iPhone Developer";
				COPY_PHASE_STRIP = NO;
				DEBUG_INFORMATION_FORMAT = dwarf;
				ENABLE_STRICT_OBJC_MSGSEND = YES;
				ENABLE_TESTABILITY = YES;
				GCC_C_LANGUAGE_STANDARD = gnu11;
				GCC_DYNAMIC_NO_PIC = NO;
				GCC_NO_COMMON_BLOCKS = YES;
				GCC_OPTIMIZATION_LEVEL = 0;
				GCC_PREPROCESSOR_DEFINITIONS = (
					"DEBUG=1",
					"$(inherited)",
				);
				GCC_WARN_64_TO_32_BIT_CONVERSION = YES;
				GCC_WARN_ABOUT_RETURN_TYPE = YES_ERROR;
				GCC_WARN_UNDECLARED_SELECTOR = YES;
				GCC_WARN_UNINITIALIZED_AUTOS = YES_AGGRESSIVE;
				GCC_WARN_UNUSED_FUNCTION = YES;
				GCC_WARN_UNUSED_VARIABLE = YES;
				IPHONEOS_DEPLOYMENT_TARGET = 11.2;
				MTL_ENABLE_DEBUG_INFO = YES;
				ONLY_ACTIVE_ARCH = YES;
				SDKROOT = iphoneos;
				SWIFT_ACTIVE_COMPILATION_CONDITIONS = DEBUG;
				SWIFT_OPTIMIZATION_LEVEL = "-Onone";
			};
			name = Debug;
		};
		3F43ECEE2166B819007ABB36 /* Release */ = {
			isa = XCBuildConfiguration;
			buildSettings = {
				ALWAYS_SEARCH_USER_PATHS = NO;
				CLANG_ANALYZER_NONNULL = YES;
				CLANG_ANALYZER_NUMBER_OBJECT_CONVERSION = YES_AGGRESSIVE;
				CLANG_CXX_LANGUAGE_STANDARD = "gnu++14";
				CLANG_CXX_LIBRARY = "libc++";
				CLANG_ENABLE_MODULES = YES;
				CLANG_ENABLE_OBJC_ARC = YES;
				CLANG_WARN_BLOCK_CAPTURE_AUTORELEASING = YES;
				CLANG_WARN_BOOL_CONVERSION = YES;
				CLANG_WARN_COMMA = YES;
				CLANG_WARN_CONSTANT_CONVERSION = YES;
				CLANG_WARN_DIRECT_OBJC_ISA_USAGE = YES_ERROR;
				CLANG_WARN_DOCUMENTATION_COMMENTS = YES;
				CLANG_WARN_EMPTY_BODY = YES;
				CLANG_WARN_ENUM_CONVERSION = YES;
				CLANG_WARN_INFINITE_RECURSION = YES;
				CLANG_WARN_INT_CONVERSION = YES;
				CLANG_WARN_NON_LITERAL_NULL_CONVERSION = YES;
				CLANG_WARN_OBJC_LITERAL_CONVERSION = YES;
				CLANG_WARN_OBJC_ROOT_CLASS = YES_ERROR;
				CLANG_WARN_RANGE_LOOP_ANALYSIS = YES;
				CLANG_WARN_STRICT_PROTOTYPES = YES;
				CLANG_WARN_SUSPICIOUS_MOVE = YES;
				CLANG_WARN_UNGUARDED_AVAILABILITY = YES_AGGRESSIVE;
				CLANG_WARN_UNREACHABLE_CODE = YES;
				CLANG_WARN__DUPLICATE_METHOD_MATCH = YES;
				CODE_SIGN_IDENTITY = "iPhone Developer";
				COPY_PHASE_STRIP = NO;
				DEBUG_INFORMATION_FORMAT = "dwarf-with-dsym";
				ENABLE_NS_ASSERTIONS = NO;
				ENABLE_STRICT_OBJC_MSGSEND = YES;
				GCC_C_LANGUAGE_STANDARD = gnu11;
				GCC_NO_COMMON_BLOCKS = YES;
				GCC_WARN_64_TO_32_BIT_CONVERSION = YES;
				GCC_WARN_ABOUT_RETURN_TYPE = YES_ERROR;
				GCC_WARN_UNDECLARED_SELECTOR = YES;
				GCC_WARN_UNINITIALIZED_AUTOS = YES_AGGRESSIVE;
				GCC_WARN_UNUSED_FUNCTION = YES;
				GCC_WARN_UNUSED_VARIABLE = YES;
				IPHONEOS_DEPLOYMENT_TARGET = 11.2;
				MTL_ENABLE_DEBUG_INFO = NO;
				SDKROOT = iphoneos;
				SWIFT_OPTIMIZATION_LEVEL = "-Owholemodule";
				VALIDATE_PRODUCT = YES;
			};
			name = Release;
		};
		3F43ECF02166B819007ABB36 /* Debug */ = {
			isa = XCBuildConfiguration;
			baseConfigurationReference = B9AF84733ACC5A6D1274E99A /* Pods-Women In Computing.debug.xcconfig */;
			buildSettings = {
				ASSETCATALOG_COMPILER_APPICON_NAME = AppIcon;
				CODE_SIGN_STYLE = Automatic;
				DEVELOPMENT_TEAM = PX3UP69539;
				INFOPLIST_FILE = "Women In Computing/Info.plist";
				LD_RUNPATH_SEARCH_PATHS = "$(inherited) @executable_path/Frameworks";
				PRODUCT_BUNDLE_IDENTIFIER = "nwmissouri.edu.Women-In-Computing";
				PRODUCT_NAME = "$(TARGET_NAME)";
				SWIFT_OBJC_BRIDGING_HEADER = "Pods/Backendless/SDK/ios/backendless/include/Backendless-Bridging-Header.h";
				SWIFT_VERSION = 4.0;
				TARGETED_DEVICE_FAMILY = "1,2";
			};
			name = Debug;
		};
		3F43ECF12166B819007ABB36 /* Release */ = {
			isa = XCBuildConfiguration;
			baseConfigurationReference = E8CA621C59BBC74842F043C6 /* Pods-Women In Computing.release.xcconfig */;
			buildSettings = {
				ASSETCATALOG_COMPILER_APPICON_NAME = AppIcon;
				CODE_SIGN_STYLE = Automatic;
				DEVELOPMENT_TEAM = PX3UP69539;
				INFOPLIST_FILE = "Women In Computing/Info.plist";
				LD_RUNPATH_SEARCH_PATHS = "$(inherited) @executable_path/Frameworks";
				PRODUCT_BUNDLE_IDENTIFIER = "nwmissouri.edu.Women-In-Computing";
				PRODUCT_NAME = "$(TARGET_NAME)";
				SWIFT_OBJC_BRIDGING_HEADER = "Pods/Backendless/SDK/ios/backendless/include/Backendless-Bridging-Header.h";
				SWIFT_VERSION = 4.0;
				TARGETED_DEVICE_FAMILY = "1,2";
			};
			name = Release;
		};
		3F43ECF32166B819007ABB36 /* Debug */ = {
			isa = XCBuildConfiguration;
			baseConfigurationReference = 9B7D9289BD4F9E877858A927 /* Pods-Women In ComputingTests.debug.xcconfig */;
			buildSettings = {
				ALWAYS_EMBED_SWIFT_STANDARD_LIBRARIES = YES;
				BUNDLE_LOADER = "$(TEST_HOST)";
				CODE_SIGN_STYLE = Automatic;
				INFOPLIST_FILE = "Women In ComputingTests/Info.plist";
				LD_RUNPATH_SEARCH_PATHS = "$(inherited) @executable_path/Frameworks @loader_path/Frameworks";
				PRODUCT_BUNDLE_IDENTIFIER = "nwmissouri.edu.Women-In-ComputingTests";
				PRODUCT_NAME = "$(TARGET_NAME)";
				SWIFT_VERSION = 4.0;
				TARGETED_DEVICE_FAMILY = "1,2";
				TEST_HOST = "$(BUILT_PRODUCTS_DIR)/Women In Computing.app/Women In Computing";
			};
			name = Debug;
		};
		3F43ECF42166B819007ABB36 /* Release */ = {
			isa = XCBuildConfiguration;
			baseConfigurationReference = ECEDB476A165B63479F3BA33 /* Pods-Women In ComputingTests.release.xcconfig */;
			buildSettings = {
				ALWAYS_EMBED_SWIFT_STANDARD_LIBRARIES = YES;
				BUNDLE_LOADER = "$(TEST_HOST)";
				CODE_SIGN_STYLE = Automatic;
				INFOPLIST_FILE = "Women In ComputingTests/Info.plist";
				LD_RUNPATH_SEARCH_PATHS = "$(inherited) @executable_path/Frameworks @loader_path/Frameworks";
				PRODUCT_BUNDLE_IDENTIFIER = "nwmissouri.edu.Women-In-ComputingTests";
				PRODUCT_NAME = "$(TARGET_NAME)";
				SWIFT_VERSION = 4.0;
				TARGETED_DEVICE_FAMILY = "1,2";
				TEST_HOST = "$(BUILT_PRODUCTS_DIR)/Women In Computing.app/Women In Computing";
			};
			name = Release;
		};
		3F43ECF62166B819007ABB36 /* Debug */ = {
			isa = XCBuildConfiguration;
			baseConfigurationReference = 7CFC1FEFAC6BCA61D7DCEEDD /* Pods-Women In ComputingUITests.debug.xcconfig */;
			buildSettings = {
				ALWAYS_EMBED_SWIFT_STANDARD_LIBRARIES = YES;
				CODE_SIGN_STYLE = Automatic;
				INFOPLIST_FILE = "Women In ComputingUITests/Info.plist";
				LD_RUNPATH_SEARCH_PATHS = "$(inherited) @executable_path/Frameworks @loader_path/Frameworks";
				PRODUCT_BUNDLE_IDENTIFIER = "nwmissouri.edu.Women-In-ComputingUITests";
				PRODUCT_NAME = "$(TARGET_NAME)";
				SWIFT_VERSION = 4.0;
				TARGETED_DEVICE_FAMILY = "1,2";
				TEST_TARGET_NAME = "Women In Computing";
			};
			name = Debug;
		};
		3F43ECF72166B819007ABB36 /* Release */ = {
			isa = XCBuildConfiguration;
			baseConfigurationReference = 07BA19EC513EE711A90C80C6 /* Pods-Women In ComputingUITests.release.xcconfig */;
			buildSettings = {
				ALWAYS_EMBED_SWIFT_STANDARD_LIBRARIES = YES;
				CODE_SIGN_STYLE = Automatic;
				INFOPLIST_FILE = "Women In ComputingUITests/Info.plist";
				LD_RUNPATH_SEARCH_PATHS = "$(inherited) @executable_path/Frameworks @loader_path/Frameworks";
				PRODUCT_BUNDLE_IDENTIFIER = "nwmissouri.edu.Women-In-ComputingUITests";
				PRODUCT_NAME = "$(TARGET_NAME)";
				SWIFT_VERSION = 4.0;
				TARGETED_DEVICE_FAMILY = "1,2";
				TEST_TARGET_NAME = "Women In Computing";
			};
			name = Release;
		};
/* End XCBuildConfiguration section */

/* Begin XCConfigurationList section */
		3F43ECC02166B819007ABB36 /* Build configuration list for PBXProject "Women In Computing" */ = {
			isa = XCConfigurationList;
			buildConfigurations = (
				3F43ECED2166B819007ABB36 /* Debug */,
				3F43ECEE2166B819007ABB36 /* Release */,
			);
			defaultConfigurationIsVisible = 0;
			defaultConfigurationName = Release;
		};
		3F43ECEF2166B819007ABB36 /* Build configuration list for PBXNativeTarget "Women In Computing" */ = {
			isa = XCConfigurationList;
			buildConfigurations = (
				3F43ECF02166B819007ABB36 /* Debug */,
				3F43ECF12166B819007ABB36 /* Release */,
			);
			defaultConfigurationIsVisible = 0;
			defaultConfigurationName = Release;
		};
		3F43ECF22166B819007ABB36 /* Build configuration list for PBXNativeTarget "Women In ComputingTests" */ = {
			isa = XCConfigurationList;
			buildConfigurations = (
				3F43ECF32166B819007ABB36 /* Debug */,
				3F43ECF42166B819007ABB36 /* Release */,
			);
			defaultConfigurationIsVisible = 0;
			defaultConfigurationName = Release;
		};
		3F43ECF52166B819007ABB36 /* Build configuration list for PBXNativeTarget "Women In ComputingUITests" */ = {
			isa = XCConfigurationList;
			buildConfigurations = (
				3F43ECF62166B819007ABB36 /* Debug */,
				3F43ECF72166B819007ABB36 /* Release */,
			);
			defaultConfigurationIsVisible = 0;
			defaultConfigurationName = Release;
		};
/* End XCConfigurationList section */
	};
	rootObject = 3F43ECBD2166B819007ABB36 /* Project object */;
}
